// !$*UTF8*$!
{
	archiveVersion = 1;
	classes = {
	};
	objectVersion = 55;
	objects = {

/* Begin PBXBuildFile section */
		36452BC629C1B35E00565F6C /* AppDelegate.swift in Sources */ = {isa = PBXBuildFile; fileRef = 36452BC529C1B35E00565F6C /* AppDelegate.swift */; };
		36452BC829C1B35E00565F6C /* SceneDelegate.swift in Sources */ = {isa = PBXBuildFile; fileRef = 36452BC729C1B35E00565F6C /* SceneDelegate.swift */; };
		36452BCD29C1B35E00565F6C /* Main.storyboard in Resources */ = {isa = PBXBuildFile; fileRef = 36452BCB29C1B35E00565F6C /* Main.storyboard */; };
		36452BCF29C1B35F00565F6C /* Assets.xcassets in Resources */ = {isa = PBXBuildFile; fileRef = 36452BCE29C1B35F00565F6C /* Assets.xcassets */; };
		36452BD229C1B35F00565F6C /* LaunchScreen.storyboard in Resources */ = {isa = PBXBuildFile; fileRef = 36452BD029C1B35F00565F6C /* LaunchScreen.storyboard */; };
		36452BDB29C1B41500565F6C /* PokeApiModel.swift in Sources */ = {isa = PBXBuildFile; fileRef = 36452BDA29C1B41500565F6C /* PokeApiModel.swift */; };
		36452BE329C1B69A00565F6C /* ApiService.swift in Sources */ = {isa = PBXBuildFile; fileRef = 36452BE229C1B69A00565F6C /* ApiService.swift */; };
		36452BE629C1B8EF00565F6C /* PokemonListCollectionViewCell.swift in Sources */ = {isa = PBXBuildFile; fileRef = 36452BE429C1B8EF00565F6C /* PokemonListCollectionViewCell.swift */; };
		36452BE729C1B8EF00565F6C /* PokemonListCollectionViewCell.xib in Resources */ = {isa = PBXBuildFile; fileRef = 36452BE529C1B8EF00565F6C /* PokemonListCollectionViewCell.xib */; };
		36452BE929C1BC4300565F6C /* typePokemonViewModel.swift in Sources */ = {isa = PBXBuildFile; fileRef = 36452BE829C1BC4300565F6C /* typePokemonViewModel.swift */; };
		3645978829C2A3F00042FFEF /* TypePokemonViewController.swift in Sources */ = {isa = PBXBuildFile; fileRef = 3645978729C2A3F00042FFEF /* TypePokemonViewController.swift */; };
		3645979629C2D7770042FFEF /* SDWebImageLinkPlugin in Frameworks */ = {isa = PBXBuildFile; productRef = 3645979529C2D7770042FFEF /* SDWebImageLinkPlugin */; };
		3645979929C3F6EA0042FFEF /* PokemonDetail.swift in Sources */ = {isa = PBXBuildFile; fileRef = 3645979829C3F6EA0042FFEF /* PokemonDetail.swift */; };
		364597A329C401D80042FFEF /* PokemonDetailsTableViewCell.swift in Sources */ = {isa = PBXBuildFile; fileRef = 364597A129C401D80042FFEF /* PokemonDetailsTableViewCell.swift */; };
		364597A429C401D80042FFEF /* PokemonDetailsTableViewCell.xib in Resources */ = {isa = PBXBuildFile; fileRef = 364597A229C401D80042FFEF /* PokemonDetailsTableViewCell.xib */; };
		364597A629C40FDD0042FFEF /* PokemonDetailViewModel.swift in Sources */ = {isa = PBXBuildFile; fileRef = 364597A529C40FDD0042FFEF /* PokemonDetailViewModel.swift */; };
		364597A929C429C70042FFEF /* PokemonDetailsViewController.swift in Sources */ = {isa = PBXBuildFile; fileRef = 364597A829C429C70042FFEF /* PokemonDetailsViewController.swift */; };
/* End PBXBuildFile section */

/* Begin PBXFileReference section */
		36452BC229C1B35E00565F6C /* Pokemon API MVVM.app */ = {isa = PBXFileReference; explicitFileType = wrapper.application; includeInIndex = 0; path = "Pokemon API MVVM.app"; sourceTree = BUILT_PRODUCTS_DIR; };
		36452BC529C1B35E00565F6C /* AppDelegate.swift */ = {isa = PBXFileReference; lastKnownFileType = sourcecode.swift; path = AppDelegate.swift; sourceTree = "<group>"; };
		36452BC729C1B35E00565F6C /* SceneDelegate.swift */ = {isa = PBXFileReference; lastKnownFileType = sourcecode.swift; path = SceneDelegate.swift; sourceTree = "<group>"; };
		36452BCC29C1B35E00565F6C /* Base */ = {isa = PBXFileReference; lastKnownFileType = file.storyboard; name = Base; path = Base.lproj/Main.storyboard; sourceTree = "<group>"; };
		36452BCE29C1B35F00565F6C /* Assets.xcassets */ = {isa = PBXFileReference; lastKnownFileType = folder.assetcatalog; path = Assets.xcassets; sourceTree = "<group>"; };
		36452BD129C1B35F00565F6C /* Base */ = {isa = PBXFileReference; lastKnownFileType = file.storyboard; name = Base; path = Base.lproj/LaunchScreen.storyboard; sourceTree = "<group>"; };
		36452BD329C1B35F00565F6C /* Info.plist */ = {isa = PBXFileReference; lastKnownFileType = text.plist.xml; path = Info.plist; sourceTree = "<group>"; };
		36452BDA29C1B41500565F6C /* PokeApiModel.swift */ = {isa = PBXFileReference; lastKnownFileType = sourcecode.swift; path = PokeApiModel.swift; sourceTree = "<group>"; };
		36452BE229C1B69A00565F6C /* ApiService.swift */ = {isa = PBXFileReference; lastKnownFileType = sourcecode.swift; path = ApiService.swift; sourceTree = "<group>"; };
		36452BE429C1B8EF00565F6C /* PokemonListCollectionViewCell.swift */ = {isa = PBXFileReference; lastKnownFileType = sourcecode.swift; path = PokemonListCollectionViewCell.swift; sourceTree = "<group>"; };
		36452BE529C1B8EF00565F6C /* PokemonListCollectionViewCell.xib */ = {isa = PBXFileReference; lastKnownFileType = file.xib; path = PokemonListCollectionViewCell.xib; sourceTree = "<group>"; };
		36452BE829C1BC4300565F6C /* typePokemonViewModel.swift */ = {isa = PBXFileReference; lastKnownFileType = sourcecode.swift; path = typePokemonViewModel.swift; sourceTree = "<group>"; };
		3645978729C2A3F00042FFEF /* TypePokemonViewController.swift */ = {isa = PBXFileReference; lastKnownFileType = sourcecode.swift; path = TypePokemonViewController.swift; sourceTree = "<group>"; };
		3645979829C3F6EA0042FFEF /* PokemonDetail.swift */ = {isa = PBXFileReference; lastKnownFileType = sourcecode.swift; path = PokemonDetail.swift; sourceTree = "<group>"; };
		364597A129C401D80042FFEF /* PokemonDetailsTableViewCell.swift */ = {isa = PBXFileReference; lastKnownFileType = sourcecode.swift; path = PokemonDetailsTableViewCell.swift; sourceTree = "<group>"; };
		364597A229C401D80042FFEF /* PokemonDetailsTableViewCell.xib */ = {isa = PBXFileReference; lastKnownFileType = file.xib; path = PokemonDetailsTableViewCell.xib; sourceTree = "<group>"; };
		364597A529C40FDD0042FFEF /* PokemonDetailViewModel.swift */ = {isa = PBXFileReference; lastKnownFileType = sourcecode.swift; path = PokemonDetailViewModel.swift; sourceTree = "<group>"; };
		364597A829C429C70042FFEF /* PokemonDetailsViewController.swift */ = {isa = PBXFileReference; lastKnownFileType = sourcecode.swift; path = PokemonDetailsViewController.swift; sourceTree = "<group>"; };
/* End PBXFileReference section */

/* Begin PBXFrameworksBuildPhase section */
		36452BBF29C1B35E00565F6C /* Frameworks */ = {
			isa = PBXFrameworksBuildPhase;
			buildActionMask = 2147483647;
			files = (
				3645979629C2D7770042FFEF /* SDWebImageLinkPlugin in Frameworks */,
			);
			runOnlyForDeploymentPostprocessing = 0;
		};
/* End PBXFrameworksBuildPhase section */

/* Begin PBXGroup section */
		36452BB929C1B35E00565F6C = {
			isa = PBXGroup;
			children = (
				36452BC429C1B35E00565F6C /* Pokemon API MVVM */,
				36452BC329C1B35E00565F6C /* Products */,
			);
			sourceTree = "<group>";
		};
		36452BC329C1B35E00565F6C /* Products */ = {
			isa = PBXGroup;
			children = (
				36452BC229C1B35E00565F6C /* Pokemon API MVVM.app */,
			);
			name = Products;
			sourceTree = "<group>";
		};
		36452BC429C1B35E00565F6C /* Pokemon API MVVM */ = {
			isa = PBXGroup;
			children = (
				36452BE129C1B63E00565F6C /* Networking */,
				36452BDD29C1B53F00565F6C /* MainDeleget */,
				36452BDC29C1B52D00565F6C /* Storyboard */,
				3645978429C2A2360042FFEF /* View */,
				36452BD929C1B3BB00565F6C /* Model */,
				36452BE029C1B5C700565F6C /* Cell */,
				36452BDF29C1B59000565F6C /* ViewModel */,
				36452BCE29C1B35F00565F6C /* Assets.xcassets */,
				36452BD329C1B35F00565F6C /* Info.plist */,
			);
			path = "Pokemon API MVVM";
			sourceTree = "<group>";
		};
		36452BD929C1B3BB00565F6C /* Model */ = {
			isa = PBXGroup;
			children = (
				36452BDA29C1B41500565F6C /* PokeApiModel.swift */,
				3645979A29C3FAC50042FFEF /* PokemonDetail */,
			);
			path = Model;
			sourceTree = "<group>";
		};
		36452BDC29C1B52D00565F6C /* Storyboard */ = {
			isa = PBXGroup;
			children = (
				36452BCB29C1B35E00565F6C /* Main.storyboard */,
				36452BD029C1B35F00565F6C /* LaunchScreen.storyboard */,
			);
			path = Storyboard;
			sourceTree = "<group>";
		};
		36452BDD29C1B53F00565F6C /* MainDeleget */ = {
			isa = PBXGroup;
			children = (
				36452BC529C1B35E00565F6C /* AppDelegate.swift */,
				36452BC729C1B35E00565F6C /* SceneDelegate.swift */,
			);
			path = MainDeleget;
			sourceTree = "<group>";
		};
		36452BDF29C1B59000565F6C /* ViewModel */ = {
			isa = PBXGroup;
			children = (
				36452BE829C1BC4300565F6C /* typePokemonViewModel.swift */,
				364597A529C40FDD0042FFEF /* PokemonDetailViewModel.swift */,
			);
			path = ViewModel;
			sourceTree = "<group>";
		};
		36452BE029C1B5C700565F6C /* Cell */ = {
			isa = PBXGroup;
			children = (
				364597A029C401890042FFEF /* PokemonDetails */,
				3645979F29C4017D0042FFEF /* PokemonList */,
				36452BE429C1B8EF00565F6C /* PokemonListCollectionViewCell.swift */,
				36452BE529C1B8EF00565F6C /* PokemonListCollectionViewCell.xib */,
			);
			path = Cell;
			sourceTree = "<group>";
		};
		36452BE129C1B63E00565F6C /* Networking */ = {
			isa = PBXGroup;
			children = (
				36452BE229C1B69A00565F6C /* ApiService.swift */,
			);
			path = Networking;
			sourceTree = "<group>";
		};
		3645978429C2A2360042FFEF /* View */ = {
			isa = PBXGroup;
			children = (
				3645978729C2A3F00042FFEF /* TypePokemonViewController.swift */,
				364597A829C429C70042FFEF /* PokemonDetailsViewController.swift */,
			);
			path = View;
			sourceTree = "<group>";
		};
		3645979A29C3FAC50042FFEF /* PokemonDetail */ = {
			isa = PBXGroup;
			children = (
				3645979829C3F6EA0042FFEF /* PokemonDetail.swift */,
			);
			path = PokemonDetail;
			sourceTree = "<group>";
		};
		3645979F29C4017D0042FFEF /* PokemonList */ = {
			isa = PBXGroup;
			children = (
			);
			path = PokemonList;
			sourceTree = "<group>";
		};
		364597A029C401890042FFEF /* PokemonDetails */ = {
			isa = PBXGroup;
			children = (
				364597A129C401D80042FFEF /* PokemonDetailsTableViewCell.swift */,
				364597A229C401D80042FFEF /* PokemonDetailsTableViewCell.xib */,
			);
			path = PokemonDetails;
			sourceTree = "<group>";
		};
/* End PBXGroup section */

/* Begin PBXNativeTarget section */
		36452BC129C1B35E00565F6C /* Pokemon API MVVM */ = {
			isa = PBXNativeTarget;
			buildConfigurationList = 36452BD629C1B35F00565F6C /* Build configuration list for PBXNativeTarget "Pokemon API MVVM" */;
			buildPhases = (
				36452BBE29C1B35E00565F6C /* Sources */,
				36452BBF29C1B35E00565F6C /* Frameworks */,
				36452BC029C1B35E00565F6C /* Resources */,
			);
			buildRules = (
			);
			dependencies = (
			);
			name = "Pokemon API MVVM";
			packageProductDependencies = (
				3645979529C2D7770042FFEF /* SDWebImageLinkPlugin */,
			);
			productName = "Pokemon API MVVM";
			productReference = 36452BC229C1B35E00565F6C /* Pokemon API MVVM.app */;
			productType = "com.apple.product-type.application";
		};
/* End PBXNativeTarget section */

/* Begin PBXProject section */
		36452BBA29C1B35E00565F6C /* Project object */ = {
			isa = PBXProject;
			attributes = {
				BuildIndependentTargetsInParallel = 1;
				LastSwiftUpdateCheck = 1340;
				LastUpgradeCheck = 1340;
				TargetAttributes = {
					36452BC129C1B35E00565F6C = {
						CreatedOnToolsVersion = 13.4.1;
					};
				};
			};
			buildConfigurationList = 36452BBD29C1B35E00565F6C /* Build configuration list for PBXProject "Pokemon API MVVM" */;
			compatibilityVersion = "Xcode 13.0";
			developmentRegion = en;
			hasScannedForEncodings = 0;
			knownRegions = (
				en,
				Base,
			);
			mainGroup = 36452BB929C1B35E00565F6C;
			packageReferences = (
				3645979429C2D7770042FFEF /* XCRemoteSwiftPackageReference "SDWebImageLinkPlugin" */,
			);
			productRefGroup = 36452BC329C1B35E00565F6C /* Products */;
			projectDirPath = "";
			projectRoot = "";
			targets = (
				36452BC129C1B35E00565F6C /* Pokemon API MVVM */,
			);
		};
/* End PBXProject section */

/* Begin PBXResourcesBuildPhase section */
		36452BC029C1B35E00565F6C /* Resources */ = {
			isa = PBXResourcesBuildPhase;
			buildActionMask = 2147483647;
			files = (
				36452BD229C1B35F00565F6C /* LaunchScreen.storyboard in Resources */,
				36452BCF29C1B35F00565F6C /* Assets.xcassets in Resources */,
				36452BE729C1B8EF00565F6C /* PokemonListCollectionViewCell.xib in Resources */,
				364597A429C401D80042FFEF /* PokemonDetailsTableViewCell.xib in Resources */,
				36452BCD29C1B35E00565F6C /* Main.storyboard in Resources */,
			);
			runOnlyForDeploymentPostprocessing = 0;
		};
/* End PBXResourcesBuildPhase section */

/* Begin PBXSourcesBuildPhase section */
		36452BBE29C1B35E00565F6C /* Sources */ = {
			isa = PBXSourcesBuildPhase;
			buildActionMask = 2147483647;
			files = (
				36452BE629C1B8EF00565F6C /* PokemonListCollectionViewCell.swift in Sources */,
				36452BE329C1B69A00565F6C /* ApiService.swift in Sources */,
				364597A929C429C70042FFEF /* PokemonDetailsViewController.swift in Sources */,
				3645979929C3F6EA0042FFEF /* PokemonDetail.swift in Sources */,
				364597A629C40FDD0042FFEF /* PokemonDetailViewModel.swift in Sources */,
				36452BE929C1BC4300565F6C /* typePokemonViewModel.swift in Sources */,
				3645978829C2A3F00042FFEF /* TypePokemonViewController.swift in Sources */,
				364597A329C401D80042FFEF /* PokemonDetailsTableViewCell.swift in Sources */,
				36452BC629C1B35E00565F6C /* AppDelegate.swift in Sources */,
				36452BC829C1B35E00565F6C /* SceneDelegate.swift in Sources */,
				36452BDB29C1B41500565F6C /* PokeApiModel.swift in Sources */,
			);
			runOnlyForDeploymentPostprocessing = 0;
		};
/* End PBXSourcesBuildPhase section */

/* Begin PBXVariantGroup section */
		36452BCB29C1B35E00565F6C /* Main.storyboard */ = {
			isa = PBXVariantGroup;
			children = (
				36452BCC29C1B35E00565F6C /* Base */,
			);
			name = Main.storyboard;
			sourceTree = "<group>";
		};
		36452BD029C1B35F00565F6C /* LaunchScreen.storyboard */ = {
			isa = PBXVariantGroup;
			children = (
				36452BD129C1B35F00565F6C /* Base */,
			);
			name = LaunchScreen.storyboard;
			sourceTree = "<group>";
		};
/* End PBXVariantGroup section */

/* Begin XCBuildConfiguration section */
		36452BD429C1B35F00565F6C /* Debug */ = {
			isa = XCBuildConfiguration;
			buildSettings = {
				ALWAYS_SEARCH_USER_PATHS = NO;
				CLANG_ANALYZER_NONNULL = YES;
				CLANG_ANALYZER_NUMBER_OBJECT_CONVERSION = YES_AGGRESSIVE;
				CLANG_CXX_LANGUAGE_STANDARD = "gnu++17";
				CLANG_ENABLE_MODULES = YES;
				CLANG_ENABLE_OBJC_ARC = YES;
				CLANG_ENABLE_OBJC_WEAK = YES;
				CLANG_WARN_BLOCK_CAPTURE_AUTORELEASING = YES;
				CLANG_WARN_BOOL_CONVERSION = YES;
				CLANG_WARN_COMMA = YES;
				CLANG_WARN_CONSTANT_CONVERSION = YES;
				CLANG_WARN_DEPRECATED_OBJC_IMPLEMENTATIONS = YES;
				CLANG_WARN_DIRECT_OBJC_ISA_USAGE = YES_ERROR;
				CLANG_WARN_DOCUMENTATION_COMMENTS = YES;
				CLANG_WARN_EMPTY_BODY = YES;
				CLANG_WARN_ENUM_CONVERSION = YES;
				CLANG_WARN_INFINITE_RECURSION = YES;
				CLANG_WARN_INT_CONVERSION = YES;
				CLANG_WARN_NON_LITERAL_NULL_CONVERSION = YES;
				CLANG_WARN_OBJC_IMPLICIT_RETAIN_SELF = YES;
				CLANG_WARN_OBJC_LITERAL_CONVERSION = YES;
				CLANG_WARN_OBJC_ROOT_CLASS = YES_ERROR;
				CLANG_WARN_QUOTED_INCLUDE_IN_FRAMEWORK_HEADER = YES;
				CLANG_WARN_RANGE_LOOP_ANALYSIS = YES;
				CLANG_WARN_STRICT_PROTOTYPES = YES;
				CLANG_WARN_SUSPICIOUS_MOVE = YES;
				CLANG_WARN_UNGUARDED_AVAILABILITY = YES_AGGRESSIVE;
				CLANG_WARN_UNREACHABLE_CODE = YES;
				CLANG_WARN__DUPLICATE_METHOD_MATCH = YES;
				COPY_PHASE_STRIP = NO;
				DEBUG_INFORMATION_FORMAT = dwarf;
				ENABLE_STRICT_OBJC_MSGSEND = YES;
				ENABLE_TESTABILITY = YES;
				GCC_C_LANGUAGE_STANDARD = gnu11;
				GCC_DYNAMIC_NO_PIC = NO;
				GCC_NO_COMMON_BLOCKS = YES;
				GCC_OPTIMIZATION_LEVEL = 0;
				GCC_PREPROCESSOR_DEFINITIONS = (
					"DEBUG=1",
					"$(inherited)",
				);
				GCC_WARN_64_TO_32_BIT_CONVERSION = YES;
				GCC_WARN_ABOUT_RETURN_TYPE = YES_ERROR;
				GCC_WARN_UNDECLARED_SELECTOR = YES;
				GCC_WARN_UNINITIALIZED_AUTOS = YES_AGGRESSIVE;
				GCC_WARN_UNUSED_FUNCTION = YES;
				GCC_WARN_UNUSED_VARIABLE = YES;
				IPHONEOS_DEPLOYMENT_TARGET = 15.5;
				MTL_ENABLE_DEBUG_INFO = INCLUDE_SOURCE;
				MTL_FAST_MATH = YES;
				ONLY_ACTIVE_ARCH = YES;
				SDKROOT = iphoneos;
				SWIFT_ACTIVE_COMPILATION_CONDITIONS = DEBUG;
				SWIFT_OPTIMIZATION_LEVEL = "-Onone";
			};
			name = Debug;
		};
		36452BD529C1B35F00565F6C /* Release */ = {
			isa = XCBuildConfiguration;
			buildSettings = {
				ALWAYS_SEARCH_USER_PATHS = NO;
				CLANG_ANALYZER_NONNULL = YES;
				CLANG_ANALYZER_NUMBER_OBJECT_CONVERSION = YES_AGGRESSIVE;
				CLANG_CXX_LANGUAGE_STANDARD = "gnu++17";
				CLANG_ENABLE_MODULES = YES;
				CLANG_ENABLE_OBJC_ARC = YES;
				CLANG_ENABLE_OBJC_WEAK = YES;
				CLANG_WARN_BLOCK_CAPTURE_AUTORELEASING = YES;
				CLANG_WARN_BOOL_CONVERSION = YES;
				CLANG_WARN_COMMA = YES;
				CLANG_WARN_CONSTANT_CONVERSION = YES;
				CLANG_WARN_DEPRECATED_OBJC_IMPLEMENTATIONS = YES;
				CLANG_WARN_DIRECT_OBJC_ISA_USAGE = YES_ERROR;
				CLANG_WARN_DOCUMENTATION_COMMENTS = YES;
				CLANG_WARN_EMPTY_BODY = YES;
				CLANG_WARN_ENUM_CONVERSION = YES;
				CLANG_WARN_INFINITE_RECURSION = YES;
				CLANG_WARN_INT_CONVERSION = YES;
				CLANG_WARN_NON_LITERAL_NULL_CONVERSION = YES;
				CLANG_WARN_OBJC_IMPLICIT_RETAIN_SELF = YES;
				CLANG_WARN_OBJC_LITERAL_CONVERSION = YES;
				CLANG_WARN_OBJC_ROOT_CLASS = YES_ERROR;
				CLANG_WARN_QUOTED_INCLUDE_IN_FRAMEWORK_HEADER = YES;
				CLANG_WARN_RANGE_LOOP_ANALYSIS = YES;
				CLANG_WARN_STRICT_PROTOTYPES = YES;
				CLANG_WARN_SUSPICIOUS_MOVE = YES;
				CLANG_WARN_UNGUARDED_AVAILABILITY = YES_AGGRESSIVE;
				CLANG_WARN_UNREACHABLE_CODE = YES;
				CLANG_WARN__DUPLICATE_METHOD_MATCH = YES;
				COPY_PHASE_STRIP = NO;
				DEBUG_INFORMATION_FORMAT = "dwarf-with-dsym";
				ENABLE_NS_ASSERTIONS = NO;
				ENABLE_STRICT_OBJC_MSGSEND = YES;
				GCC_C_LANGUAGE_STANDARD = gnu11;
				GCC_NO_COMMON_BLOCKS = YES;
				GCC_WARN_64_TO_32_BIT_CONVERSION = YES;
				GCC_WARN_ABOUT_RETURN_TYPE = YES_ERROR;
				GCC_WARN_UNDECLARED_SELECTOR = YES;
				GCC_WARN_UNINITIALIZED_AUTOS = YES_AGGRESSIVE;
				GCC_WARN_UNUSED_FUNCTION = YES;
				GCC_WARN_UNUSED_VARIABLE = YES;
				IPHONEOS_DEPLOYMENT_TARGET = 15.5;
				MTL_ENABLE_DEBUG_INFO = NO;
				MTL_FAST_MATH = YES;
				SDKROOT = iphoneos;
				SWIFT_COMPILATION_MODE = wholemodule;
				SWIFT_OPTIMIZATION_LEVEL = "-O";
				VALIDATE_PRODUCT = YES;
			};
			name = Release;
		};
		36452BD729C1B35F00565F6C /* Debug */ = {
			isa = XCBuildConfiguration;
			buildSettings = {
				ASSETCATALOG_COMPILER_APPICON_NAME = AppIcon;
				ASSETCATALOG_COMPILER_GLOBAL_ACCENT_COLOR_NAME = AccentColor;
				CODE_SIGN_STYLE = Automatic;
				CURRENT_PROJECT_VERSION = 1;
				GENERATE_INFOPLIST_FILE = YES;
				INFOPLIST_FILE = "Pokemon API MVVM/Info.plist";
				INFOPLIST_KEY_UIApplicationSupportsIndirectInputEvents = YES;
				INFOPLIST_KEY_UILaunchStoryboardName = LaunchScreen;
				INFOPLIST_KEY_UIMainStoryboardFile = Main;
				INFOPLIST_KEY_UISupportedInterfaceOrientations_iPad = "UIInterfaceOrientationPortrait UIInterfaceOrientationPortraitUpsideDown UIInterfaceOrientationLandscapeLeft UIInterfaceOrientationLandscapeRight";
				INFOPLIST_KEY_UISupportedInterfaceOrientations_iPhone = "UIInterfaceOrientationPortrait UIInterfaceOrientationLandscapeLeft UIInterfaceOrientationLandscapeRight";
				LD_RUNPATH_SEARCH_PATHS = (
					"$(inherited)",
					"@executable_path/Frameworks",
				);
				MARKETING_VERSION = 1.0;
				PRODUCT_BUNDLE_IDENTIFIER = "Tes.Pokemon-API-MVVM";
				PRODUCT_NAME = "$(TARGET_NAME)";
				SWIFT_EMIT_LOC_STRINGS = YES;
				SWIFT_VERSION = 5.0;
				TARGETED_DEVICE_FAMILY = "1,2";
			};
			name = Debug;
		};
		36452BD829C1B35F00565F6C /* Release */ = {
			isa = XCBuildConfiguration;
			buildSettings = {
				ASSETCATALOG_COMPILER_APPICON_NAME = AppIcon;
				ASSETCATALOG_COMPILER_GLOBAL_ACCENT_COLOR_NAME = AccentColor;
				CODE_SIGN_STYLE = Automatic;
				CURRENT_PROJECT_VERSION = 1;
				GENERATE_INFOPLIST_FILE = YES;
				INFOPLIST_FILE = "Pokemon API MVVM/Info.plist";
				INFOPLIST_KEY_UIApplicationSupportsIndirectInputEvents = YES;
				INFOPLIST_KEY_UILaunchStoryboardName = LaunchScreen;
				INFOPLIST_KEY_UIMainStoryboardFile = Main;
				INFOPLIST_KEY_UISupportedInterfaceOrientations_iPad = "UIInterfaceOrientationPortrait UIInterfaceOrientationPortraitUpsideDown UIInterfaceOrientationLandscapeLeft UIInterfaceOrientationLandscapeRight";
				INFOPLIST_KEY_UISupportedInterfaceOrientations_iPhone = "UIInterfaceOrientationPortrait UIInterfaceOrientationLandscapeLeft UIInterfaceOrientationLandscapeRight";
				LD_RUNPATH_SEARCH_PATHS = (
					"$(inherited)",
					"@executable_path/Frameworks",
				);
				MARKETING_VERSION = 1.0;
				PRODUCT_BUNDLE_IDENTIFIER = "Tes.Pokemon-API-MVVM";
				PRODUCT_NAME = "$(TARGET_NAME)";
				SWIFT_EMIT_LOC_STRINGS = YES;
				SWIFT_VERSION = 5.0;
				TARGETED_DEVICE_FAMILY = "1,2";
			};
			name = Release;
		};
/* End XCBuildConfiguration section */

/* Begin XCConfigurationList section */
		36452BBD29C1B35E00565F6C /* Build configuration list for PBXProject "Pokemon API MVVM" */ = {
			isa = XCConfigurationList;
			buildConfigurations = (
				36452BD429C1B35F00565F6C /* Debug */,
				36452BD529C1B35F00565F6C /* Release */,
			);
			defaultConfigurationIsVisible = 0;
			defaultConfigurationName = Release;
		};
		36452BD629C1B35F00565F6C /* Build configuration list for PBXNativeTarget "Pokemon API MVVM" */ = {
			isa = XCConfigurationList;
			buildConfigurations = (
				36452BD729C1B35F00565F6C /* Debug */,
				36452BD829C1B35F00565F6C /* Release */,
			);
			defaultConfigurationIsVisible = 0;
			defaultConfigurationName = Release;
		};
/* End XCConfigurationList section */

/* Begin XCRemoteSwiftPackageReference section */
		3645979429C2D7770042FFEF /* XCRemoteSwiftPackageReference "SDWebImageLinkPlugin" */ = {
			isa = XCRemoteSwiftPackageReference;
			repositoryURL = "https://github.com/SDWebImage/SDWebImageLinkPlugin.git";
			requirement = {
				kind = upToNextMajorVersion;
				minimumVersion = 0.3.0;
			};
		};
/* End XCRemoteSwiftPackageReference section */

/* Begin XCSwiftPackageProductDependency section */
		3645979529C2D7770042FFEF /* SDWebImageLinkPlugin */ = {
			isa = XCSwiftPackageProductDependency;
			package = 3645979429C2D7770042FFEF /* XCRemoteSwiftPackageReference "SDWebImageLinkPlugin" */;
			productName = SDWebImageLinkPlugin;
		};
/* End XCSwiftPackageProductDependency section */
	};
	rootObject = 36452BBA29C1B35E00565F6C /* Project object */;
}
